
Microsoft Visual Studio Solution File, Format Version 12.00
# Visual Studio Express 14 for Windows Desktop
VisualStudioVersion = 14.0.25420.1
MinimumVisualStudioVersion = 10.0.40219.1
Project("{8BC9CEB8-8B4A-11D0-8D11-00A0C91BC942}") = "framework", "framework.vcxproj", "{1FBA3F3A-3282-A709-2E8A-1DA52B9CF3A0}"
EndProject
Project("{2150E333-8FDC-42A3-9474-1A3956D46DE8}") = "Solution Items", "Solution Items", "{64A3F0D6-4CE0-46CB-BEE0-1CBC74A59DD6}"
	ProjectSection(SolutionItems) = preProject
		README.txt = README.txt
	EndProjectSection
EndProject
Global
	GlobalSection(SolutionConfigurationPlatforms) = preSolution
		Debug|x86 = Debug|x86
		Release|x86 = Release|x86
	EndGlobalSection
	GlobalSection(ProjectConfigurationPlatforms) = postSolution
		{1FBA3F3A-3282-A709-2E8A-1DA52B9CF3A0}.Debug|x86.ActiveCfg = Debug|Win32
		{1FBA3F3A-3282-A709-2E8A-1DA52B9CF3A0}.Debug|x86.Build.0 = Debug|Win32
		{1FBA3F3A-3282-A709-2E8A-1DA52B9CF3A0}.Release|x86.ActiveCfg = Release|Win32
		{1FBA3F3A-3282-A709-2E8A-1DA52B9CF3A0}.Release|x86.Build.0 = Release|Win32
	EndGlobalSection
	GlobalSection(SolutionProperties) = preSolution
		HideSolutionNode = FALSE
	EndGlobalSection
EndGlobal
